
Microsoft Visual Studio Solution File, Format Version 12.00
# Visual Studio Version 17
VisualStudioVersion = 17.8.34525.116
MinimumVisualStudioVersion = 10.0.40219.1
Project("{FAE04EC0-301F-11D3-BF4B-00C04F79EFBC}") = "PizzaApp.UnstructuredLogging", "PizzaApp.UnstructuredLogging\PizzaApp.UnstructuredLogging.csproj", "{CCD1ACCB-DD26-42A1-BAF9-E97C1AFAAFEB}"
EndProject
Project("{FAE04EC0-301F-11D3-BF4B-00C04F79EFBC}") = "PizzaApp.StructuredLogging", "PizzaApp.StructuredLogging\PizzaApp.StructuredLogging.csproj", "{5286FB34-5F57-44CA-9968-73AAA1C5F876}"
EndProject
Project("{FAE04EC0-301F-11D3-BF4B-00C04F79EFBC}") = "PizzaApp.SerilogLogging", "PizzaApp.SerilogLogging\PizzaApp.SerilogLogging.csproj", "{A31D63DF-E9B0-4ECB-BC4D-89C187B233B5}"
EndProject
Project("{FAE04EC0-301F-11D3-BF4B-00C04F79EFBC}") = "PizzaApp.SerilogOpenTelemetryLogging", "PizzaApp.SerilogOpenTelemetryLogging\PizzaApp.SerilogOpenTelemetryLogging.csproj", "{23B33720-2EE2-419B-925F-07BD4EE72473}"
EndProject
Global
	GlobalSection(SolutionConfigurationPlatforms) = preSolution
		Debug|Any CPU = Debug|Any CPU
		Release|Any CPU = Release|Any CPU
	EndGlobalSection
	GlobalSection(ProjectConfigurationPlatforms) = postSolution
		{CCD1ACCB-DD26-42A1-BAF9-E97C1AFAAFEB}.Debug|Any CPU.ActiveCfg = Debug|Any CPU
		{CCD1ACCB-DD26-42A1-BAF9-E97C1AFAAFEB}.Debug|Any CPU.Build.0 = Debug|Any CPU
		{CCD1ACCB-DD26-42A1-BAF9-E97C1AFAAFEB}.Release|Any CPU.ActiveCfg = Release|Any CPU
		{CCD1ACCB-DD26-42A1-BAF9-E97C1AFAAFEB}.Release|Any CPU.Build.0 = Release|Any CPU
		{5286FB34-5F57-44CA-9968-73AAA1C5F876}.Debug|Any CPU.ActiveCfg = Debug|Any CPU
		{5286FB34-5F57-44CA-9968-73AAA1C5F876}.Debug|Any CPU.Build.0 = Debug|Any CPU
		{5286FB34-5F57-44CA-9968-73AAA1C5F876}.Release|Any CPU.ActiveCfg = Release|Any CPU
		{5286FB34-5F57-44CA-9968-73AAA1C5F876}.Release|Any CPU.Build.0 = Release|Any CPU
		{A31D63DF-E9B0-4ECB-BC4D-89C187B233B5}.Debug|Any CPU.ActiveCfg = Debug|Any CPU
		{A31D63DF-E9B0-4ECB-BC4D-89C187B233B5}.Debug|Any CPU.Build.0 = Debug|Any CPU
		{A31D63DF-E9B0-4ECB-BC4D-89C187B233B5}.Release|Any CPU.ActiveCfg = Release|Any CPU
		{A31D63DF-E9B0-4ECB-BC4D-89C187B233B5}.Release|Any CPU.Build.0 = Release|Any CPU
		{23B33720-2EE2-419B-925F-07BD4EE72473}.Debug|Any CPU.ActiveCfg = Debug|Any CPU
		{23B33720-2EE2-419B-925F-07BD4EE72473}.Debug|Any CPU.Build.0 = Debug|Any CPU
		{23B33720-2EE2-419B-925F-07BD4EE72473}.Release|Any CPU.ActiveCfg = Release|Any CPU
		{23B33720-2EE2-419B-925F-07BD4EE72473}.Release|Any CPU.Build.0 = Release|Any CPU
	EndGlobalSection
	GlobalSection(SolutionProperties) = preSolution
		HideSolutionNode = FALSE
	EndGlobalSection
	GlobalSection(ExtensibilityGlobals) = postSolution
		SolutionGuid = {198A4C11-0628-47FA-B893-65E70D06F752}
	EndGlobalSection
EndGlobal
